Microsoft Visual Studio Solution File, Format Version 12.00
# Visual Studio 2012
Project("{FAE04EC0-301F-11D3-BF4B-00C04F79EFBC}") = "Nathan's Dress Up", "Nathan's Dress Up.csproj", "{64EE4F89-7A23-452A-8772-9E7C07A71ED9}"
EndProject
Global
	GlobalSection(SolutionConfigurationPlatforms) = preSolution
	Debug|Any CPU = Debug|Any CPU
	Release|Any CPU = Release|Any CPU
	Tools|Any CPU = Tools|Any CPU
	EndGlobalSection
	GlobalSection(ProjectConfigurationPlatforms) = postSolution
		{64EE4F89-7A23-452A-8772-9E7C07A71ED9}.Debug|Any CPU.ActiveCfg = Debug|Any CPU
		{64EE4F89-7A23-452A-8772-9E7C07A71ED9}.Debug|Any CPU.Build.0 = Debug|Any CPU
		{64EE4F89-7A23-452A-8772-9E7C07A71ED9}.Release|Any CPU.ActiveCfg = Release|Any CPU
		{64EE4F89-7A23-452A-8772-9E7C07A71ED9}.Release|Any CPU.Build.0 = Release|Any CPU
		{64EE4F89-7A23-452A-8772-9E7C07A71ED9}.Tools|Any CPU.ActiveCfg = Tools|Any CPU
		{64EE4F89-7A23-452A-8772-9E7C07A71ED9}.Tools|Any CPU.Build.0 = Tools|Any CPU
	EndGlobalSection
EndGlobal
